
Microsoft Visual Studio Solution File, Format Version 12.00
Project("{FAE04EC0-301F-11D3-BF4B-00C04F79EFBC}") = "BlueBird.WebApp", "BlueBird.WebApp\BlueBird.WebApp.csproj", "{19BA3CEB-D676-4CDA-A254-B308A794DAFF}"
EndProject
Global
	GlobalSection(SolutionConfigurationPlatforms) = preSolution
		Debug|Any CPU = Debug|Any CPU
		Release|Any CPU = Release|Any CPU
	EndGlobalSection
	GlobalSection(ProjectConfigurationPlatforms) = postSolution
		{19BA3CEB-D676-4CDA-A254-B308A794DAFF}.Debug|Any CPU.ActiveCfg = Debug|Any CPU
		{19BA3CEB-D676-4CDA-A254-B308A794DAFF}.Debug|Any CPU.Build.0 = Debug|Any CPU
		{19BA3CEB-D676-4CDA-A254-B308A794DAFF}.Release|Any CPU.ActiveCfg = Release|Any CPU
		{19BA3CEB-D676-4CDA-A254-B308A794DAFF}.Release|Any CPU.Build.0 = Release|Any CPU
	EndGlobalSection
EndGlobal
